
Microsoft Visual Studio Solution File, Format Version 12.00
# Visual Studio Version 17
VisualStudioVersion = 17.5.33530.505
MinimumVisualStudioVersion = 10.0.40219.1
Project("{FAE04EC0-301F-11D3-BF4B-00C04F79EFBC}") = "teste-react", "teste-react\teste-react.csproj", "{DA814489-BBC3-40B5-A343-B5CDEAE80BB0}"
EndProject
Global
	GlobalSection(SolutionConfigurationPlatforms) = preSolution
		Debug|Any CPU = Debug|Any CPU
		Release|Any CPU = Release|Any CPU
	EndGlobalSection
	GlobalSection(ProjectConfigurationPlatforms) = postSolution
		{DA814489-BBC3-40B5-A343-B5CDEAE80BB0}.Debug|Any CPU.ActiveCfg = Debug|Any CPU
		{DA814489-BBC3-40B5-A343-B5CDEAE80BB0}.Debug|Any CPU.Build.0 = Debug|Any CPU
		{DA814489-BBC3-40B5-A343-B5CDEAE80BB0}.Release|Any CPU.ActiveCfg = Release|Any CPU
		{DA814489-BBC3-40B5-A343-B5CDEAE80BB0}.Release|Any CPU.Build.0 = Release|Any CPU
	EndGlobalSection
	GlobalSection(SolutionProperties) = preSolution
		HideSolutionNode = FALSE
	EndGlobalSection
	GlobalSection(ExtensibilityGlobals) = postSolution
		SolutionGuid = {F1E3E6D8-F506-4802-8344-8BE023DC3BF7}
	EndGlobalSection
EndGlobal
