
Microsoft Visual Studio Solution File, Format Version 12.00
# Visual Studio Version 17
VisualStudioVersion = 17.5.33530.505
MinimumVisualStudioVersion = 10.0.40219.1
Project("{FAE04EC0-301F-11D3-BF4B-00C04F79EFBC}") = "Suportes", "Suportes\Suportes.csproj", "{7648A587-FA92-453D-BB0A-9CD1B00C936E}"
EndProject
Global
	GlobalSection(SolutionConfigurationPlatforms) = preSolution
		Debug|Any CPU = Debug|Any CPU
		Release|Any CPU = Release|Any CPU
	EndGlobalSection
	GlobalSection(ProjectConfigurationPlatforms) = postSolution
		{7648A587-FA92-453D-BB0A-9CD1B00C936E}.Debug|Any CPU.ActiveCfg = Debug|Any CPU
		{7648A587-FA92-453D-BB0A-9CD1B00C936E}.Debug|Any CPU.Build.0 = Debug|Any CPU
		{7648A587-FA92-453D-BB0A-9CD1B00C936E}.Release|Any CPU.ActiveCfg = Release|Any CPU
		{7648A587-FA92-453D-BB0A-9CD1B00C936E}.Release|Any CPU.Build.0 = Release|Any CPU
	EndGlobalSection
	GlobalSection(SolutionProperties) = preSolution
		HideSolutionNode = FALSE
	EndGlobalSection
	GlobalSection(ExtensibilityGlobals) = postSolution
		SolutionGuid = {B0D7FEE5-2A83-401C-AA78-297088F4225B}
	EndGlobalSection
EndGlobal
