
Microsoft Visual Studio Solution File, Format Version 12.00
# Visual Studio Version 17
VisualStudioVersion = 17.5.33530.505
MinimumVisualStudioVersion = 10.0.40219.1
Project("{FAE04EC0-301F-11D3-BF4B-00C04F79EFBC}") = "Suporte", "Suporte\Suporte.csproj", "{DD8BEA3D-7115-49A2-9F7C-937CA61B43DE}"
EndProject
Global
	GlobalSection(SolutionConfigurationPlatforms) = preSolution
		Debug|Any CPU = Debug|Any CPU
		Release|Any CPU = Release|Any CPU
	EndGlobalSection
	GlobalSection(ProjectConfigurationPlatforms) = postSolution
		{DD8BEA3D-7115-49A2-9F7C-937CA61B43DE}.Debug|Any CPU.ActiveCfg = Debug|Any CPU
		{DD8BEA3D-7115-49A2-9F7C-937CA61B43DE}.Debug|Any CPU.Build.0 = Debug|Any CPU
		{DD8BEA3D-7115-49A2-9F7C-937CA61B43DE}.Release|Any CPU.ActiveCfg = Release|Any CPU
		{DD8BEA3D-7115-49A2-9F7C-937CA61B43DE}.Release|Any CPU.Build.0 = Release|Any CPU
	EndGlobalSection
	GlobalSection(SolutionProperties) = preSolution
		HideSolutionNode = FALSE
	EndGlobalSection
	GlobalSection(ExtensibilityGlobals) = postSolution
		SolutionGuid = {42B3A6E4-C162-4753-A61A-750965DA5D9F}
	EndGlobalSection
EndGlobal
